
Microsoft Visual Studio Solution File, Format Version 11.00
# Visual Studio 2010
Project("{FAE04EC0-301F-11D3-BF4B-00C04F79EFBC}") = "Assembly-CSharp", "Assembly-CSharp.csproj", "{E1DDB47A-BD01-E7E0-280F-155945869938}"
EndProject
Project("{FAE04EC0-301F-11D3-BF4B-00C04F79EFBC}") = "Assembly-CSharp-Editor", "Assembly-CSharp-Editor.csproj", "{94074F2E-D08D-029E-4B7F-2F43DEC1AE48}"
EndProject
Global
	GlobalSection(SolutionConfigurationPlatforms) = preSolution
		Debug|Any CPU = Debug|Any CPU
		Release|Any CPU = Release|Any CPU
	EndGlobalSection
	GlobalSection(ProjectConfigurationPlatforms) = postSolution
		{E1DDB47A-BD01-E7E0-280F-155945869938}.Debug|Any CPU.ActiveCfg = Debug|Any CPU
		{E1DDB47A-BD01-E7E0-280F-155945869938}.Debug|Any CPU.Build.0 = Debug|Any CPU
		{E1DDB47A-BD01-E7E0-280F-155945869938}.Release|Any CPU.ActiveCfg = Release|Any CPU
		{E1DDB47A-BD01-E7E0-280F-155945869938}.Release|Any CPU.Build.0 = Release|Any CPU
		{94074F2E-D08D-029E-4B7F-2F43DEC1AE48}.Debug|Any CPU.ActiveCfg = Debug|Any CPU
		{94074F2E-D08D-029E-4B7F-2F43DEC1AE48}.Debug|Any CPU.Build.0 = Debug|Any CPU
		{94074F2E-D08D-029E-4B7F-2F43DEC1AE48}.Release|Any CPU.ActiveCfg = Release|Any CPU
		{94074F2E-D08D-029E-4B7F-2F43DEC1AE48}.Release|Any CPU.Build.0 = Release|Any CPU
	EndGlobalSection
	GlobalSection(SolutionProperties) = preSolution
		HideSolutionNode = FALSE
	EndGlobalSection
EndGlobal
